<?xml version="1.0" encoding="utf-8"?>
<Project ToolsVersion="4.0" xmlns="http://schemas.microsoft.com/developer/msbuild/2003">
  <ItemGroup>
    <Filter Include="Исходные файлы">
      <UniqueIdentifier>{4FC737F1-C7A5-4376-A066-2A32D752A2FF}</UniqueIdentifier>
      <Extensions>cpp;c;cc;cxx;c++;cppm;ixx;def;odl;idl;hpj;bat;asm;asmx</Extensions>
    </Filter>
    <Filter Include="Файлы заголовков">
      <UniqueIdentifier>{93995380-89BD-4b04-88EB-625FBE52EBFB}</UniqueIdentifier>
      <Extensions>h;hh;hpp;hxx;h++;hm;inl;inc;ipp;xsd</Extensions>
    </Filter>
    <Filter Include="Файлы ресурсов">
      <UniqueIdentifier>{67DA6AB6-F800-4c08-8B7A-83BB121AAD01}</UniqueIdentifier>
      <Extensions>rc;ico;cur;bmp;dlg;rc2;rct;bin;rgs;gif;jpg;jpeg;jpe;resx;tiff;tif;png;wav;mfcribbon-ms</Extensions>
    </Filter>
    <Filter Include="Исходные файлы\map">
      <UniqueIdentifier>{47b8c303-950b-4bea-9b4b-a2c094b2d4cb}</UniqueIdentifier>
    </Filter>
    <Filter Include="Файлы заголовков\map">
      <UniqueIdentifier>{c5124c65-eedc-4fc0-8773-9003e889a9ed}</UniqueIdentifier>
    </Filter>
    <Filter Include="Файлы заголовков\data">
      <UniqueIdentifier>{dff01ad5-fcd3-4ad5-aa43-461119f92b55}</UniqueIdentifier>
    </Filter>
  </ItemGroup>
  <ItemGroup>
    <ClCompile Include="main.cpp">
      <Filter>Исходные файлы</Filter>
    </ClCompile>
    <ClCompile Include="src\level\Map.cpp">
      <Filter>Исходные файлы\map</Filter>
    </ClCompile>
    <ClCompile Include="src\level\Level.cpp">
      <Filter>Исходные файлы\map</Filter>
    </ClCompile>
    <ClCompile Include="src\GameView.cpp">
      <Filter>Исходные файлы</Filter>
    </ClCompile>
  </ItemGroup>
  <ItemGroup>
    <ClInclude Include="src\level\Map.hpp">
      <Filter>Файлы заголовков\map</Filter>
    </ClInclude>
    <ClInclude Include="src\level\Level.hpp">
      <Filter>Файлы заголовков\map</Filter>
    </ClInclude>
    <ClInclude Include="src\data\SpMap.hpp">
      <Filter>Файлы заголовков\data</Filter>
    </ClInclude>
    <ClInclude Include="src\data\SpDef.hpp">
      <Filter>Файлы заголовков\data</Filter>
    </ClInclude>
    <ClInclude Include="src\Observer.hpp">
      <Filter>Файлы заголовков</Filter>
    </ClInclude>
    <ClInclude Include="src\GameView.hpp">
      <Filter>Файлы заголовков</Filter>
    </ClInclude>
  </ItemGroup>
</Project>